// !$*UTF8*$!
{
	archiveVersion = 1;
	classes = {
	};
	objectVersion = 46;
	objects = {

/* Begin PBXBuildFile section */
		C47F116618C68E11006EBA68 /* Foundation.framework in Frameworks */ = {isa = PBXBuildFile; fileRef = C47F116518C68E11006EBA68 /* Foundation.framework */; };
		C47F116818C68E11006EBA68 /* CoreGraphics.framework in Frameworks */ = {isa = PBXBuildFile; fileRef = C47F116718C68E11006EBA68 /* CoreGraphics.framework */; };
		C47F116A18C68E11006EBA68 /* UIKit.framework in Frameworks */ = {isa = PBXBuildFile; fileRef = C47F116918C68E11006EBA68 /* UIKit.framework */; };
		C47F117018C68E11006EBA68 /* InfoPlist.strings in Resources */ = {isa = PBXBuildFile; fileRef = C47F116E18C68E11006EBA68 /* InfoPlist.strings */; };
		C47F117218C68E11006EBA68 /* main.m in Sources */ = {isa = PBXBuildFile; fileRef = C47F117118C68E11006EBA68 /* main.m */; };
		C47F117618C68E11006EBA68 /* AppDelegate.m in Sources */ = {isa = PBXBuildFile; fileRef = C47F117518C68E11006EBA68 /* AppDelegate.m */; };
		C47F117918C68E11006EBA68 /* Main_iPhone.storyboard in Resources */ = {isa = PBXBuildFile; fileRef = C47F117718C68E11006EBA68 /* Main_iPhone.storyboard */; };
		C47F117C18C68E11006EBA68 /* Main_iPad.storyboard in Resources */ = {isa = PBXBuildFile; fileRef = C47F117A18C68E11006EBA68 /* Main_iPad.storyboard */; };
		C47F117F18C68E11006EBA68 /* ViewController.m in Sources */ = {isa = PBXBuildFile; fileRef = C47F117E18C68E11006EBA68 /* ViewController.m */; };
		C47F118118C68E11006EBA68 /* Images.xcassets in Resources */ = {isa = PBXBuildFile; fileRef = C47F118018C68E11006EBA68 /* Images.xcassets */; };
		C47F118818C68E11006EBA68 /* XCTest.framework in Frameworks */ = {isa = PBXBuildFile; fileRef = C47F118718C68E11006EBA68 /* XCTest.framework */; };
		C47F118918C68E11006EBA68 /* Foundation.framework in Frameworks */ = {isa = PBXBuildFile; fileRef = C47F116518C68E11006EBA68 /* Foundation.framework */; };
		C47F118A18C68E11006EBA68 /* UIKit.framework in Frameworks */ = {isa = PBXBuildFile; fileRef = C47F116918C68E11006EBA68 /* UIKit.framework */; };
		C47F119218C68E11006EBA68 /* InfoPlist.strings in Resources */ = {isa = PBXBuildFile; fileRef = C47F119018C68E11006EBA68 /* InfoPlist.strings */; };
		C47F119418C68E11006EBA68 /* appWithImagesTests.m in Sources */ = {isa = PBXBuildFile; fileRef = C47F119318C68E11006EBA68 /* appWithImagesTests.m */; };
		C47F119F18C68E74006EBA68 /* dataLayer.m in Sources */ = {isa = PBXBuildFile; fileRef = C47F119E18C68E74006EBA68 /* dataLayer.m */; };
		C47F11A518C69064006EBA68 /* Default-568h@2x.png in Resources */ = {isa = PBXBuildFile; fileRef = C47F11A018C69064006EBA68 /* Default-568h@2x.png */; };
		C47F11A618C69064006EBA68 /* Default-Portrait.png in Resources */ = {isa = PBXBuildFile; fileRef = C47F11A118C69064006EBA68 /* Default-Portrait.png */; };
		C47F11A718C69064006EBA68 /* Default-Portrait@2x.png in Resources */ = {isa = PBXBuildFile; fileRef = C47F11A218C69064006EBA68 /* Default-Portrait@2x.png */; };
		C47F11A818C69064006EBA68 /* Default.png  in Resources */ = {isa = PBXBuildFile; fileRef = C47F11A318C69064006EBA68 /* Default.png  */; };
		C47F11A918C69064006EBA68 /* Default@2x.png in Resources */ = {isa = PBXBuildFile; fileRef = C47F11A418C69064006EBA68 /* Default@2x.png */; };
		C47F11AB18C69080006EBA68 /* ghosty.jpeg in Resources */ = {isa = PBXBuildFile; fileRef = C47F11AA18C69080006EBA68 /* ghosty.jpeg */; };
		C47F11B018C6908D006EBA68 /* okay57.png in Resources */ = {isa = PBXBuildFile; fileRef = C47F11AC18C6908D006EBA68 /* okay57.png */; };
		C47F11B118C6908D006EBA68 /* okay72.png in Resources */ = {isa = PBXBuildFile; fileRef = C47F11AD18C6908D006EBA68 /* okay72.png */; };
		C47F11B218C6908D006EBA68 /* okay114.png in Resources */ = {isa = PBXBuildFile; fileRef = C47F11AE18C6908D006EBA68 /* okay114.png */; };
		C47F11B318C6908D006EBA68 /* okay144.png in Resources */ = {isa = PBXBuildFile; fileRef = C47F11AF18C6908D006EBA68 /* okay144.png */; };
/* End PBXBuildFile section */

/* Begin PBXContainerItemProxy section */
		C47F118B18C68E11006EBA68 /* PBXContainerItemProxy */ = {
			isa = PBXContainerItemProxy;
			containerPortal = C47F115A18C68E11006EBA68 /* Project object */;
			proxyType = 1;
			remoteGlobalIDString = C47F116118C68E11006EBA68;
			remoteInfo = appWithImages;
		};
/* End PBXContainerItemProxy section */

/* Begin PBXFileReference section */
		C47F116218C68E11006EBA68 /* appWithImages.app */ = {isa = PBXFileReference; explicitFileType = wrapper.application; includeInIndex = 0; path = appWithImages.app; sourceTree = BUILT_PRODUCTS_DIR; };
		C47F116518C68E11006EBA68 /* Foundation.framework */ = {isa = PBXFileReference; lastKnownFileType = wrapper.framework; name = Foundation.framework; path = System/Library/Frameworks/Foundation.framework; sourceTree = SDKROOT; };
		C47F116718C68E11006EBA68 /* CoreGraphics.framework */ = {isa = PBXFileReference; lastKnownFileType = wrapper.framework; name = CoreGraphics.framework; path = System/Library/Frameworks/CoreGraphics.framework; sourceTree = SDKROOT; };
		C47F116918C68E11006EBA68 /* UIKit.framework */ = {isa = PBXFileReference; lastKnownFileType = wrapper.framework; name = UIKit.framework; path = System/Library/Frameworks/UIKit.framework; sourceTree = SDKROOT; };
		C47F116D18C68E11006EBA68 /* appWithImages-Info.plist */ = {isa = PBXFileReference; lastKnownFileType = text.plist.xml; path = "appWithImages-Info.plist"; sourceTree = "<group>"; };
		C47F116F18C68E11006EBA68 /* en */ = {isa = PBXFileReference; lastKnownFileType = text.plist.strings; name = en; path = en.lproj/InfoPlist.strings; sourceTree = "<group>"; };
		C47F117118C68E11006EBA68 /* main.m */ = {isa = PBXFileReference; lastKnownFileType = sourcecode.c.objc; path = main.m; sourceTree = "<group>"; };
		C47F117318C68E11006EBA68 /* appWithImages-Prefix.pch */ = {isa = PBXFileReference; lastKnownFileType = sourcecode.c.h; path = "appWithImages-Prefix.pch"; sourceTree = "<group>"; };
		C47F117418C68E11006EBA68 /* AppDelegate.h */ = {isa = PBXFileReference; lastKnownFileType = sourcecode.c.h; path = AppDelegate.h; sourceTree = "<group>"; };
		C47F117518C68E11006EBA68 /* AppDelegate.m */ = {isa = PBXFileReference; lastKnownFileType = sourcecode.c.objc; path = AppDelegate.m; sourceTree = "<group>"; };
		C47F117818C68E11006EBA68 /* Base */ = {isa = PBXFileReference; lastKnownFileType = file.storyboard; name = Base; path = Base.lproj/Main_iPhone.storyboard; sourceTree = "<group>"; };
		C47F117B18C68E11006EBA68 /* Base */ = {isa = PBXFileReference; lastKnownFileType = file.storyboard; name = Base; path = Base.lproj/Main_iPad.storyboard; sourceTree = "<group>"; };
		C47F117D18C68E11006EBA68 /* ViewController.h */ = {isa = PBXFileReference; lastKnownFileType = sourcecode.c.h; path = ViewController.h; sourceTree = "<group>"; };
		C47F117E18C68E11006EBA68 /* ViewController.m */ = {isa = PBXFileReference; lastKnownFileType = sourcecode.c.objc; path = ViewController.m; sourceTree = "<group>"; };
		C47F118018C68E11006EBA68 /* Images.xcassets */ = {isa = PBXFileReference; lastKnownFileType = folder.assetcatalog; path = Images.xcassets; sourceTree = "<group>"; };
		C47F118618C68E11006EBA68 /* appWithImagesTests.xctest */ = {isa = PBXFileReference; explicitFileType = wrapper.cfbundle; includeInIndex = 0; path = appWithImagesTests.xctest; sourceTree = BUILT_PRODUCTS_DIR; };
		C47F118718C68E11006EBA68 /* XCTest.framework */ = {isa = PBXFileReference; lastKnownFileType = wrapper.framework; name = XCTest.framework; path = Library/Frameworks/XCTest.framework; sourceTree = DEVELOPER_DIR; };
		C47F118F18C68E11006EBA68 /* appWithImagesTests-Info.plist */ = {isa = PBXFileReference; lastKnownFileType = text.plist.xml; path = "appWithImagesTests-Info.plist"; sourceTree = "<group>"; };
		C47F119118C68E11006EBA68 /* en */ = {isa = PBXFileReference; lastKnownFileType = text.plist.strings; name = en; path = en.lproj/InfoPlist.strings; sourceTree = "<group>"; };
		C47F119318C68E11006EBA68 /* appWithImagesTests.m */ = {isa = PBXFileReference; lastKnownFileType = sourcecode.c.objc; path = appWithImagesTests.m; sourceTree = "<group>"; };
		C47F119D18C68E74006EBA68 /* dataLayer.h */ = {isa = PBXFileReference; fileEncoding = 4; lastKnownFileType = sourcecode.c.h; path = dataLayer.h; sourceTree = "<group>"; };
		C47F119E18C68E74006EBA68 /* dataLayer.m */ = {isa = PBXFileReference; fileEncoding = 4; lastKnownFileType = sourcecode.c.objc; path = dataLayer.m; sourceTree = "<group>"; };
		C47F11A018C69064006EBA68 /* Default-568h@2x.png */ = {isa = PBXFileReference; lastKnownFileType = image.png; path = "Default-568h@2x.png"; sourceTree = "<group>"; };
		C47F11A118C69064006EBA68 /* Default-Portrait.png */ = {isa = PBXFileReference; lastKnownFileType = image.png; path = "Default-Portrait.png"; sourceTree = "<group>"; };
		C47F11A218C69064006EBA68 /* Default-Portrait@2x.png */ = {isa = PBXFileReference; lastKnownFileType = image.png; path = "Default-Portrait@2x.png"; sourceTree = "<group>"; };
		C47F11A318C69064006EBA68 /* Default.png  */ = {isa = PBXFileReference; lastKnownFileType = file; path = "Default.png "; sourceTree = "<group>"; };
		C47F11A418C69064006EBA68 /* Default@2x.png */ = {isa = PBXFileReference; lastKnownFileType = image.png; path = "Default@2x.png"; sourceTree = "<group>"; };
		C47F11AA18C69080006EBA68 /* ghosty.jpeg */ = {isa = PBXFileReference; lastKnownFileType = image.jpeg; path = ghosty.jpeg; sourceTree = "<group>"; };
		C47F11AC18C6908D006EBA68 /* okay57.png */ = {isa = PBXFileReference; lastKnownFileType = image.png; path = okay57.png; sourceTree = "<group>"; };
		C47F11AD18C6908D006EBA68 /* okay72.png */ = {isa = PBXFileReference; lastKnownFileType = image.png; path = okay72.png; sourceTree = "<group>"; };
		C47F11AE18C6908D006EBA68 /* okay114.png */ = {isa = PBXFileReference; lastKnownFileType = image.png; path = okay114.png; sourceTree = "<group>"; };
		C47F11AF18C6908D006EBA68 /* okay144.png */ = {isa = PBXFileReference; lastKnownFileType = image.png; path = okay144.png; sourceTree = "<group>"; };
/* End PBXFileReference section */

/* Begin PBXFrameworksBuildPhase section */
		C47F115F18C68E11006EBA68 /* Frameworks */ = {
			isa = PBXFrameworksBuildPhase;
			buildActionMask = 2147483647;
			files = (
				C47F116818C68E11006EBA68 /* CoreGraphics.framework in Frameworks */,
				C47F116A18C68E11006EBA68 /* UIKit.framework in Frameworks */,
				C47F116618C68E11006EBA68 /* Foundation.framework in Frameworks */,
			);
			runOnlyForDeploymentPostprocessing = 0;
		};
		C47F118318C68E11006EBA68 /* Frameworks */ = {
			isa = PBXFrameworksBuildPhase;
			buildActionMask = 2147483647;
			files = (
				C47F118818C68E11006EBA68 /* XCTest.framework in Frameworks */,
				C47F118A18C68E11006EBA68 /* UIKit.framework in Frameworks */,
				C47F118918C68E11006EBA68 /* Foundation.framework in Frameworks */,
			);
			runOnlyForDeploymentPostprocessing = 0;
		};
/* End PBXFrameworksBuildPhase section */

/* Begin PBXGroup section */
		C47F115918C68E11006EBA68 = {
			isa = PBXGroup;
			children = (
				C47F116B18C68E11006EBA68 /* appWithImages */,
				C47F118D18C68E11006EBA68 /* appWithImagesTests */,
				C47F116418C68E11006EBA68 /* Frameworks */,
				C47F116318C68E11006EBA68 /* Products */,
			);
			sourceTree = "<group>";
		};
		C47F116318C68E11006EBA68 /* Products */ = {
			isa = PBXGroup;
			children = (
				C47F116218C68E11006EBA68 /* appWithImages.app */,
				C47F118618C68E11006EBA68 /* appWithImagesTests.xctest */,
			);
			name = Products;
			sourceTree = "<group>";
		};
		C47F116418C68E11006EBA68 /* Frameworks */ = {
			isa = PBXGroup;
			children = (
				C47F116518C68E11006EBA68 /* Foundation.framework */,
				C47F116718C68E11006EBA68 /* CoreGraphics.framework */,
				C47F116918C68E11006EBA68 /* UIKit.framework */,
				C47F118718C68E11006EBA68 /* XCTest.framework */,
			);
			name = Frameworks;
			sourceTree = "<group>";
		};
		C47F116B18C68E11006EBA68 /* appWithImages */ = {
			isa = PBXGroup;
			children = (
				C47F11AC18C6908D006EBA68 /* okay57.png */,
				C47F11AD18C6908D006EBA68 /* okay72.png */,
				C47F11AE18C6908D006EBA68 /* okay114.png */,
				C47F11AF18C6908D006EBA68 /* okay144.png */,
				C47F11AA18C69080006EBA68 /* ghosty.jpeg */,
				C47F11A018C69064006EBA68 /* Default-568h@2x.png */,
				C47F11A118C69064006EBA68 /* Default-Portrait.png */,
				C47F11A218C69064006EBA68 /* Default-Portrait@2x.png */,
				C47F11A318C69064006EBA68 /* Default.png  */,
				C47F11A418C69064006EBA68 /* Default@2x.png */,
				C47F117418C68E11006EBA68 /* AppDelegate.h */,
				C47F117518C68E11006EBA68 /* AppDelegate.m */,
				C47F117718C68E11006EBA68 /* Main_iPhone.storyboard */,
				C47F117A18C68E11006EBA68 /* Main_iPad.storyboard */,
				C47F117D18C68E11006EBA68 /* ViewController.h */,
				C47F117E18C68E11006EBA68 /* ViewController.m */,
				C47F118018C68E11006EBA68 /* Images.xcassets */,
				C47F116C18C68E11006EBA68 /* Supporting Files */,
				C47F119D18C68E74006EBA68 /* dataLayer.h */,
				C47F119E18C68E74006EBA68 /* dataLayer.m */,
			);
			path = appWithImages;
			sourceTree = "<group>";
		};
		C47F116C18C68E11006EBA68 /* Supporting Files */ = {
			isa = PBXGroup;
			children = (
				C47F116D18C68E11006EBA68 /* appWithImages-Info.plist */,
				C47F116E18C68E11006EBA68 /* InfoPlist.strings */,
				C47F117118C68E11006EBA68 /* main.m */,
				C47F117318C68E11006EBA68 /* appWithImages-Prefix.pch */,
			);
			name = "Supporting Files";
			sourceTree = "<group>";
		};
		C47F118D18C68E11006EBA68 /* appWithImagesTests */ = {
			isa = PBXGroup;
			children = (
				C47F119318C68E11006EBA68 /* appWithImagesTests.m */,
				C47F118E18C68E11006EBA68 /* Supporting Files */,
			);
			path = appWithImagesTests;
			sourceTree = "<group>";
		};
		C47F118E18C68E11006EBA68 /* Supporting Files */ = {
			isa = PBXGroup;
			children = (
				C47F118F18C68E11006EBA68 /* appWithImagesTests-Info.plist */,
				C47F119018C68E11006EBA68 /* InfoPlist.strings */,
			);
			name = "Supporting Files";
			sourceTree = "<group>";
		};
/* End PBXGroup section */

/* Begin PBXNativeTarget section */
		C47F116118C68E11006EBA68 /* appWithImages */ = {
			isa = PBXNativeTarget;
			buildConfigurationList = C47F119718C68E11006EBA68 /* Build configuration list for PBXNativeTarget "appWithImages" */;
			buildPhases = (
				C47F115E18C68E11006EBA68 /* Sources */,
				C47F115F18C68E11006EBA68 /* Frameworks */,
				C47F116018C68E11006EBA68 /* Resources */,
			);
			buildRules = (
			);
			dependencies = (
			);
			name = appWithImages;
			productName = appWithImages;
			productReference = C47F116218C68E11006EBA68 /* appWithImages.app */;
			productType = "com.apple.product-type.application";
		};
		C47F118518C68E11006EBA68 /* appWithImagesTests */ = {
			isa = PBXNativeTarget;
			buildConfigurationList = C47F119A18C68E11006EBA68 /* Build configuration list for PBXNativeTarget "appWithImagesTests" */;
			buildPhases = (
				C47F118218C68E11006EBA68 /* Sources */,
				C47F118318C68E11006EBA68 /* Frameworks */,
				C47F118418C68E11006EBA68 /* Resources */,
			);
			buildRules = (
			);
			dependencies = (
				C47F118C18C68E11006EBA68 /* PBXTargetDependency */,
			);
			name = appWithImagesTests;
			productName = appWithImagesTests;
			productReference = C47F118618C68E11006EBA68 /* appWithImagesTests.xctest */;
			productType = "com.apple.product-type.bundle.unit-test";
		};
/* End PBXNativeTarget section */

/* Begin PBXProject section */
		C47F115A18C68E11006EBA68 /* Project object */ = {
			isa = PBXProject;
			attributes = {
				LastUpgradeCheck = 0500;
				ORGANIZATIONNAME = "Howard Livingston";
				TargetAttributes = {
					C47F118518C68E11006EBA68 = {
						TestTargetID = C47F116118C68E11006EBA68;
					};
				};
			};
			buildConfigurationList = C47F115D18C68E11006EBA68 /* Build configuration list for PBXProject "appWithImages" */;
			compatibilityVersion = "Xcode 3.2";
			developmentRegion = English;
			hasScannedForEncodings = 0;
			knownRegions = (
				en,
				Base,
			);
			mainGroup = C47F115918C68E11006EBA68;
			productRefGroup = C47F116318C68E11006EBA68 /* Products */;
			projectDirPath = "";
			projectRoot = "";
			targets = (
				C47F116118C68E11006EBA68 /* appWithImages */,
				C47F118518C68E11006EBA68 /* appWithImagesTests */,
			);
		};
/* End PBXProject section */

/* Begin PBXResourcesBuildPhase section */
		C47F116018C68E11006EBA68 /* Resources */ = {
			isa = PBXResourcesBuildPhase;
			buildActionMask = 2147483647;
			files = (
				C47F11A718C69064006EBA68 /* Default-Portrait@2x.png in Resources */,
				C47F11B318C6908D006EBA68 /* okay144.png in Resources */,
				C47F11AB18C69080006EBA68 /* ghosty.jpeg in Resources */,
				C47F11B118C6908D006EBA68 /* okay72.png in Resources */,
				C47F11A618C69064006EBA68 /* Default-Portrait.png in Resources */,
				C47F11B218C6908D006EBA68 /* okay114.png in Resources */,
				C47F117C18C68E11006EBA68 /* Main_iPad.storyboard in Resources */,
				C47F11A918C69064006EBA68 /* Default@2x.png in Resources */,
				C47F118118C68E11006EBA68 /* Images.xcassets in Resources */,
				C47F11B018C6908D006EBA68 /* okay57.png in Resources */,
				C47F11A818C69064006EBA68 /* Default.png  in Resources */,
				C47F117918C68E11006EBA68 /* Main_iPhone.storyboard in Resources */,
				C47F11A518C69064006EBA68 /* Default-568h@2x.png in Resources */,
				C47F117018C68E11006EBA68 /* InfoPlist.strings in Resources */,
			);
			runOnlyForDeploymentPostprocessing = 0;
		};
		C47F118418C68E11006EBA68 /* Resources */ = {
			isa = PBXResourcesBuildPhase;
			buildActionMask = 2147483647;
			files = (
				C47F119218C68E11006EBA68 /* InfoPlist.strings in Resources */,
			);
			runOnlyForDeploymentPostprocessing = 0;
		};
/* End PBXResourcesBuildPhase section */

/* Begin PBXSourcesBuildPhase section */
		C47F115E18C68E11006EBA68 /* Sources */ = {
			isa = PBXSourcesBuildPhase;
			buildActionMask = 2147483647;
			files = (
				C47F117F18C68E11006EBA68 /* ViewController.m in Sources */,
				C47F119F18C68E74006EBA68 /* dataLayer.m in Sources */,
				C47F117618C68E11006EBA68 /* AppDelegate.m in Sources */,
				C47F117218C68E11006EBA68 /* main.m in Sources */,
			);
			runOnlyForDeploymentPostprocessing = 0;
		};
		C47F118218C68E11006EBA68 /* Sources */ = {
			isa = PBXSourcesBuildPhase;
			buildActionMask = 2147483647;
			files = (
				C47F119418C68E11006EBA68 /* appWithImagesTests.m in Sources */,
			);
			runOnlyForDeploymentPostprocessing = 0;
		};
/* End PBXSourcesBuildPhase section */

/* Begin PBXTargetDependency section */
		C47F118C18C68E11006EBA68 /* PBXTargetDependency */ = {
			isa = PBXTargetDependency;
			target = C47F116118C68E11006EBA68 /* appWithImages */;
			targetProxy = C47F118B18C68E11006EBA68 /* PBXContainerItemProxy */;
		};
/* End PBXTargetDependency section */

/* Begin PBXVariantGroup section */
		C47F116E18C68E11006EBA68 /* InfoPlist.strings */ = {
			isa = PBXVariantGroup;
			children = (
				C47F116F18C68E11006EBA68 /* en */,
			);
			name = InfoPlist.strings;
			sourceTree = "<group>";
		};
		C47F117718C68E11006EBA68 /* Main_iPhone.storyboard */ = {
			isa = PBXVariantGroup;
			children = (
				C47F117818C68E11006EBA68 /* Base */,
			);
			name = Main_iPhone.storyboard;
			sourceTree = "<group>";
		};
		C47F117A18C68E11006EBA68 /* Main_iPad.storyboard */ = {
			isa = PBXVariantGroup;
			children = (
				C47F117B18C68E11006EBA68 /* Base */,
			);
			name = Main_iPad.storyboard;
			sourceTree = "<group>";
		};
		C47F119018C68E11006EBA68 /* InfoPlist.strings */ = {
			isa = PBXVariantGroup;
			children = (
				C47F119118C68E11006EBA68 /* en */,
			);
			name = InfoPlist.strings;
			sourceTree = "<group>";
		};
/* End PBXVariantGroup section */

/* Begin XCBuildConfiguration section */
		C47F119518C68E11006EBA68 /* Debug */ = {
			isa = XCBuildConfiguration;
			buildSettings = {
				ALWAYS_SEARCH_USER_PATHS = NO;
				ARCHS = "$(ARCHS_STANDARD_INCLUDING_64_BIT)";
				CLANG_CXX_LANGUAGE_STANDARD = "gnu++0x";
				CLANG_CXX_LIBRARY = "libc++";
				CLANG_ENABLE_MODULES = YES;
				CLANG_ENABLE_OBJC_ARC = YES;
				CLANG_WARN_BOOL_CONVERSION = YES;
				CLANG_WARN_CONSTANT_CONVERSION = YES;
				CLANG_WARN_DIRECT_OBJC_ISA_USAGE = YES_ERROR;
				CLANG_WARN_EMPTY_BODY = YES;
				CLANG_WARN_ENUM_CONVERSION = YES;
				CLANG_WARN_INT_CONVERSION = YES;
				CLANG_WARN_OBJC_ROOT_CLASS = YES_ERROR;
				CLANG_WARN__DUPLICATE_METHOD_MATCH = YES;
				"CODE_SIGN_IDENTITY[sdk=iphoneos*]" = "iPhone Developer";
				COPY_PHASE_STRIP = NO;
				GCC_C_LANGUAGE_STANDARD = gnu99;
				GCC_DYNAMIC_NO_PIC = NO;
				GCC_OPTIMIZATION_LEVEL = 0;
				GCC_PREPROCESSOR_DEFINITIONS = (
					"DEBUG=1",
					"$(inherited)",
				);
				GCC_SYMBOLS_PRIVATE_EXTERN = NO;
				GCC_WARN_64_TO_32_BIT_CONVERSION = YES;
				GCC_WARN_ABOUT_RETURN_TYPE = YES_ERROR;
				GCC_WARN_UNDECLARED_SELECTOR = YES;
				GCC_WARN_UNINITIALIZED_AUTOS = YES;
				GCC_WARN_UNUSED_FUNCTION = YES;
				GCC_WARN_UNUSED_VARIABLE = YES;
				IPHONEOS_DEPLOYMENT_TARGET = 7.0;
				ONLY_ACTIVE_ARCH = YES;
				SDKROOT = iphoneos;
				TARGETED_DEVICE_FAMILY = "1,2";
			};
			name = Debug;
		};
		C47F119618C68E11006EBA68 /* Release */ = {
			isa = XCBuildConfiguration;
			buildSettings = {
				ALWAYS_SEARCH_USER_PATHS = NO;
				ARCHS = "$(ARCHS_STANDARD_INCLUDING_64_BIT)";
				CLANG_CXX_LANGUAGE_STANDARD = "gnu++0x";
				CLANG_CXX_LIBRARY = "libc++";
				CLANG_ENABLE_MODULES = YES;
				CLANG_ENABLE_OBJC_ARC = YES;
				CLANG_WARN_BOOL_CONVERSION = YES;
				CLANG_WARN_CONSTANT_CONVERSION = YES;
				CLANG_WARN_DIRECT_OBJC_ISA_USAGE = YES_ERROR;
				CLANG_WARN_EMPTY_BODY = YES;
				CLANG_WARN_ENUM_CONVERSION = YES;
				CLANG_WARN_INT_CONVERSION = YES;
				CLANG_WARN_OBJC_ROOT_CLASS = YES_ERROR;
				CLANG_WARN__DUPLICATE_METHOD_MATCH = YES;
				"CODE_SIGN_IDENTITY[sdk=iphoneos*]" = "iPhone Developer";
				COPY_PHASE_STRIP = YES;
				ENABLE_NS_ASSERTIONS = NO;
				GCC_C_LANGUAGE_STANDARD = gnu99;
				GCC_WARN_64_TO_32_BIT_CONVERSION = YES;
				GCC_WARN_ABOUT_RETURN_TYPE = YES_ERROR;
				GCC_WARN_UNDECLARED_SELECTOR = YES;
				GCC_WARN_UNINITIALIZED_AUTOS = YES;
				GCC_WARN_UNUSED_FUNCTION = YES;
				GCC_WARN_UNUSED_VARIABLE = YES;
				IPHONEOS_DEPLOYMENT_TARGET = 7.0;
				SDKROOT = iphoneos;
				TARGETED_DEVICE_FAMILY = "1,2";
				VALIDATE_PRODUCT = YES;
			};
			name = Release;
		};
		C47F119818C68E11006EBA68 /* Debug */ = {
			isa = XCBuildConfiguration;
			buildSettings = {
				ASSETCATALOG_COMPILER_APPICON_NAME = AppIcon;
				ASSETCATALOG_COMPILER_LAUNCHIMAGE_NAME = LaunchImage;
				GCC_PRECOMPILE_PREFIX_HEADER = YES;
				GCC_PREFIX_HEADER = "appWithImages/appWithImages-Prefix.pch";
				INFOPLIST_FILE = "appWithImages/appWithImages-Info.plist";
				PRODUCT_NAME = "$(TARGET_NAME)";
				WRAPPER_EXTENSION = app;
			};
			name = Debug;
		};
		C47F119918C68E11006EBA68 /* Release */ = {
			isa = XCBuildConfiguration;
			buildSettings = {
				ASSETCATALOG_COMPILER_APPICON_NAME = AppIcon;
				ASSETCATALOG_COMPILER_LAUNCHIMAGE_NAME = LaunchImage;
				GCC_PRECOMPILE_PREFIX_HEADER = YES;
				GCC_PREFIX_HEADER = "appWithImages/appWithImages-Prefix.pch";
				INFOPLIST_FILE = "appWithImages/appWithImages-Info.plist";
				PRODUCT_NAME = "$(TARGET_NAME)";
				WRAPPER_EXTENSION = app;
			};
			name = Release;
		};
		C47F119B18C68E11006EBA68 /* Debug */ = {
			isa = XCBuildConfiguration;
			buildSettings = {
				ARCHS = "$(ARCHS_STANDARD_INCLUDING_64_BIT)";
				BUNDLE_LOADER = "$(BUILT_PRODUCTS_DIR)/appWithImages.app/appWithImages";
				FRAMEWORK_SEARCH_PATHS = (
					"$(SDKROOT)/Developer/Library/Frameworks",
					"$(inherited)",
					"$(DEVELOPER_FRAMEWORKS_DIR)",
				);
				GCC_PRECOMPILE_PREFIX_HEADER = YES;
				GCC_PREFIX_HEADER = "appWithImages/appWithImages-Prefix.pch";
				GCC_PREPROCESSOR_DEFINITIONS = (
					"DEBUG=1",
					"$(inherited)",
				);
				INFOPLIST_FILE = "appWithImagesTests/appWithImagesTests-Info.plist";
				PRODUCT_NAME = "$(TARGET_NAME)";
				TEST_HOST = "$(BUNDLE_LOADER)";
				WRAPPER_EXTENSION = xctest;
			};
			name = Debug;
		};
		C47F119C18C68E11006EBA68 /* Release */ = {
			isa = XCBuildConfiguration;
			buildSettings = {
				ARCHS = "$(ARCHS_STANDARD_INCLUDING_64_BIT)";
				BUNDLE_LOADER = "$(BUILT_PRODUCTS_DIR)/appWithImages.app/appWithImages";
				FRAMEWORK_SEARCH_PATHS = (
					"$(SDKROOT)/Developer/Library/Frameworks",
					"$(inherited)",
					"$(DEVELOPER_FRAMEWORKS_DIR)",
				);
				GCC_PRECOMPILE_PREFIX_HEADER = YES;
				GCC_PREFIX_HEADER = "appWithImages/appWithImages-Prefix.pch";
				INFOPLIST_FILE = "appWithImagesTests/appWithImagesTests-Info.plist";
				PRODUCT_NAME = "$(TARGET_NAME)";
				TEST_HOST = "$(BUNDLE_LOADER)";
				WRAPPER_EXTENSION = xctest;
			};
			name = Release;
		};
/* End XCBuildConfiguration section */

/* Begin XCConfigurationList section */
		C47F115D18C68E11006EBA68 /* Build configuration list for PBXProject "appWithImages" */ = {
			isa = XCConfigurationList;
			buildConfigurations = (
				C47F119518C68E11006EBA68 /* Debug */,
				C47F119618C68E11006EBA68 /* Release */,
			);
			defaultConfigurationIsVisible = 0;
			defaultConfigurationName = Release;
		};
		C47F119718C68E11006EBA68 /* Build configuration list for PBXNativeTarget "appWithImages" */ = {
			isa = XCConfigurationList;
			buildConfigurations = (
				C47F119818C68E11006EBA68 /* Debug */,
				C47F119918C68E11006EBA68 /* Release */,
			);
			defaultConfigurationIsVisible = 0;
		};
		C47F119A18C68E11006EBA68 /* Build configuration list for PBXNativeTarget "appWithImagesTests" */ = {
			isa = XCConfigurationList;
			buildConfigurations = (
				C47F119B18C68E11006EBA68 /* Debug */,
				C47F119C18C68E11006EBA68 /* Release */,
			);
			defaultConfigurationIsVisible = 0;
		};
/* End XCConfigurationList section */
	};
	rootObject = C47F115A18C68E11006EBA68 /* Project object */;
}
